
Microsoft Visual Studio Solution File, Format Version 12.00
# Visual Studio Version 16
VisualStudioVersion = 16.0.30711.63
MinimumVisualStudioVersion = 10.0.40219.1
Project("{9A19103F-16F7-4668-BE54-9A1E7A4F7556}") = "BookListRazor", "BookListRazor\BookListRazor.csproj", "{0C2B4FB5-EA0B-4AB5-AC5C-6CCDA6E10465}"
EndProject
Global
	GlobalSection(SolutionConfigurationPlatforms) = preSolution
		Debug|Any CPU = Debug|Any CPU
		Release|Any CPU = Release|Any CPU
	EndGlobalSection
	GlobalSection(ProjectConfigurationPlatforms) = postSolution
		{0C2B4FB5-EA0B-4AB5-AC5C-6CCDA6E10465}.Debug|Any CPU.ActiveCfg = Debug|Any CPU
		{0C2B4FB5-EA0B-4AB5-AC5C-6CCDA6E10465}.Debug|Any CPU.Build.0 = Debug|Any CPU
		{0C2B4FB5-EA0B-4AB5-AC5C-6CCDA6E10465}.Release|Any CPU.ActiveCfg = Release|Any CPU
		{0C2B4FB5-EA0B-4AB5-AC5C-6CCDA6E10465}.Release|Any CPU.Build.0 = Release|Any CPU
	EndGlobalSection
	GlobalSection(SolutionProperties) = preSolution
		HideSolutionNode = FALSE
	EndGlobalSection
	GlobalSection(ExtensibilityGlobals) = postSolution
		SolutionGuid = {D7041085-2C64-4251-B0A2-DFAECC2A916A}
	EndGlobalSection
EndGlobal
